
Microsoft Visual Studio Solution File, Format Version 12.00
# Visual Studio Version 16
VisualStudioVersion = 16.0.30804.86
MinimumVisualStudioVersion = 10.0.40219.1
Project("{FAE04EC0-301F-11D3-BF4B-00C04F79EFBC}") = "SarmadShimi", "SarmadShimi\SarmadShimi.csproj", "{198C6E57-E4CF-48C6-87A7-A85C4179043E}"
EndProject
Global
	GlobalSection(SolutionConfigurationPlatforms) = preSolution
		Debug|Any CPU = Debug|Any CPU
		Release|Any CPU = Release|Any CPU
	EndGlobalSection
	GlobalSection(ProjectConfigurationPlatforms) = postSolution
		{198C6E57-E4CF-48C6-87A7-A85C4179043E}.Debug|Any CPU.ActiveCfg = Debug|Any CPU
		{198C6E57-E4CF-48C6-87A7-A85C4179043E}.Debug|Any CPU.Build.0 = Debug|Any CPU
		{198C6E57-E4CF-48C6-87A7-A85C4179043E}.Release|Any CPU.ActiveCfg = Release|Any CPU
		{198C6E57-E4CF-48C6-87A7-A85C4179043E}.Release|Any CPU.Build.0 = Release|Any CPU
	EndGlobalSection
	GlobalSection(SolutionProperties) = preSolution
		HideSolutionNode = FALSE
	EndGlobalSection
	GlobalSection(ExtensibilityGlobals) = postSolution
		SolutionGuid = {B61FA1B1-5103-4BA1-8618-2B2A198366FF}
	EndGlobalSection
EndGlobal
